
Microsoft Visual Studio Solution File, Format Version 12.00
# Visual Studio 15
VisualStudioVersion = 15.0.27703.2047
MinimumVisualStudioVersion = 10.0.40219.1
Project("{FAE04EC0-301F-11D3-BF4B-00C04F79EFBC}") = "EjercicioClase5", "Producto\EjercicioClase5.csproj", "{344C30CC-4A62-4C95-B671-550B858E6252}"
EndProject
Global
	GlobalSection(SolutionConfigurationPlatforms) = preSolution
		Debug|Any CPU = Debug|Any CPU
		Release|Any CPU = Release|Any CPU
	EndGlobalSection
	GlobalSection(ProjectConfigurationPlatforms) = postSolution
		{344C30CC-4A62-4C95-B671-550B858E6252}.Debug|Any CPU.ActiveCfg = Debug|Any CPU
		{344C30CC-4A62-4C95-B671-550B858E6252}.Debug|Any CPU.Build.0 = Debug|Any CPU
		{344C30CC-4A62-4C95-B671-550B858E6252}.Release|Any CPU.ActiveCfg = Release|Any CPU
		{344C30CC-4A62-4C95-B671-550B858E6252}.Release|Any CPU.Build.0 = Release|Any CPU
	EndGlobalSection
	GlobalSection(SolutionProperties) = preSolution
		HideSolutionNode = FALSE
	EndGlobalSection
	GlobalSection(ExtensibilityGlobals) = postSolution
		SolutionGuid = {B20CC0BC-8A13-4595-97CA-77E5ABF98915}
	EndGlobalSection
EndGlobal
