
Microsoft Visual Studio Solution File, Format Version 12.00
# Visual Studio Version 16
VisualStudioVersion = 16.0.29215.179
MinimumVisualStudioVersion = 10.0.40219.1
Project("{FAE04EC0-301F-11D3-BF4B-00C04F79EFBC}") = "Prueba_SQL_conThiago", "Prueba_SQL_conThiago\Prueba_SQL_conThiago.csproj", "{9D9828A8-A20D-47E6-83DA-792B7609CC81}"
EndProject
Project("{FAE04EC0-301F-11D3-BF4B-00C04F79EFBC}") = "PracticaSP", "PracticaSP\PracticaSP.csproj", "{C4CEAFDF-EB6C-43A6-BA48-D7690D9C9095}"
EndProject
Global
	GlobalSection(SolutionConfigurationPlatforms) = preSolution
		Debug|Any CPU = Debug|Any CPU
		Release|Any CPU = Release|Any CPU
	EndGlobalSection
	GlobalSection(ProjectConfigurationPlatforms) = postSolution
		{9D9828A8-A20D-47E6-83DA-792B7609CC81}.Debug|Any CPU.ActiveCfg = Debug|Any CPU
		{9D9828A8-A20D-47E6-83DA-792B7609CC81}.Debug|Any CPU.Build.0 = Debug|Any CPU
		{9D9828A8-A20D-47E6-83DA-792B7609CC81}.Release|Any CPU.ActiveCfg = Release|Any CPU
		{9D9828A8-A20D-47E6-83DA-792B7609CC81}.Release|Any CPU.Build.0 = Release|Any CPU
		{C4CEAFDF-EB6C-43A6-BA48-D7690D9C9095}.Debug|Any CPU.ActiveCfg = Debug|Any CPU
		{C4CEAFDF-EB6C-43A6-BA48-D7690D9C9095}.Debug|Any CPU.Build.0 = Debug|Any CPU
		{C4CEAFDF-EB6C-43A6-BA48-D7690D9C9095}.Release|Any CPU.ActiveCfg = Release|Any CPU
		{C4CEAFDF-EB6C-43A6-BA48-D7690D9C9095}.Release|Any CPU.Build.0 = Release|Any CPU
	EndGlobalSection
	GlobalSection(SolutionProperties) = preSolution
		HideSolutionNode = FALSE
	EndGlobalSection
	GlobalSection(ExtensibilityGlobals) = postSolution
		SolutionGuid = {0EBE61C0-60C8-48E1-8A0A-805B79765BE9}
	EndGlobalSection
EndGlobal
